
Microsoft Visual Studio Solution File, Format Version 12.00
# Visual Studio Version 16
VisualStudioVersion = 16.0.32428.217
MinimumVisualStudioVersion = 10.0.40219.1
Project("{FAE04EC0-301F-11D3-BF4B-00C04F79EFBC}") = "DooFast", "DooFast\DooFast.csproj", "{F1E75B4A-F1C0-4D34-B17B-04F1D41B46B9}"
EndProject
Project("{FAE04EC0-301F-11D3-BF4B-00C04F79EFBC}") = "DooFast.Tests", "DooFast.Tests\DooFast.Tests.csproj", "{D58BA952-EA30-476B-BA9D-97A7BC370C31}"
EndProject
Project("{FAE04EC0-301F-11D3-BF4B-00C04F79EFBC}") = "CapaEntidades", "CapaEntidades\CapaEntidades.csproj", "{484FC479-7895-4407-87F5-037980AEDCBF}"
EndProject
Project("{FAE04EC0-301F-11D3-BF4B-00C04F79EFBC}") = "CapaAccesoDatos", "CapaAccesoDatos\CapaAccesoDatos.csproj", "{0C4074B7-6F2D-4658-B578-03FB4A3AB8D5}"
EndProject
Project("{FAE04EC0-301F-11D3-BF4B-00C04F79EFBC}") = "CapaNegocio", "CapaNegocio\CapaNegocio.csproj", "{4D7A3DE8-B4BD-46FE-AD93-8ECB981B61B6}"
EndProject
Global
	GlobalSection(SolutionConfigurationPlatforms) = preSolution
		Debug|Any CPU = Debug|Any CPU
		Release|Any CPU = Release|Any CPU
	EndGlobalSection
	GlobalSection(ProjectConfigurationPlatforms) = postSolution
		{F1E75B4A-F1C0-4D34-B17B-04F1D41B46B9}.Debug|Any CPU.ActiveCfg = Debug|Any CPU
		{F1E75B4A-F1C0-4D34-B17B-04F1D41B46B9}.Debug|Any CPU.Build.0 = Debug|Any CPU
		{F1E75B4A-F1C0-4D34-B17B-04F1D41B46B9}.Release|Any CPU.ActiveCfg = Release|Any CPU
		{F1E75B4A-F1C0-4D34-B17B-04F1D41B46B9}.Release|Any CPU.Build.0 = Release|Any CPU
		{D58BA952-EA30-476B-BA9D-97A7BC370C31}.Debug|Any CPU.ActiveCfg = Debug|Any CPU
		{D58BA952-EA30-476B-BA9D-97A7BC370C31}.Debug|Any CPU.Build.0 = Debug|Any CPU
		{D58BA952-EA30-476B-BA9D-97A7BC370C31}.Release|Any CPU.ActiveCfg = Release|Any CPU
		{D58BA952-EA30-476B-BA9D-97A7BC370C31}.Release|Any CPU.Build.0 = Release|Any CPU
		{484FC479-7895-4407-87F5-037980AEDCBF}.Debug|Any CPU.ActiveCfg = Debug|Any CPU
		{484FC479-7895-4407-87F5-037980AEDCBF}.Debug|Any CPU.Build.0 = Debug|Any CPU
		{484FC479-7895-4407-87F5-037980AEDCBF}.Release|Any CPU.ActiveCfg = Release|Any CPU
		{484FC479-7895-4407-87F5-037980AEDCBF}.Release|Any CPU.Build.0 = Release|Any CPU
		{0C4074B7-6F2D-4658-B578-03FB4A3AB8D5}.Debug|Any CPU.ActiveCfg = Debug|Any CPU
		{0C4074B7-6F2D-4658-B578-03FB4A3AB8D5}.Debug|Any CPU.Build.0 = Debug|Any CPU
		{0C4074B7-6F2D-4658-B578-03FB4A3AB8D5}.Release|Any CPU.ActiveCfg = Release|Any CPU
		{0C4074B7-6F2D-4658-B578-03FB4A3AB8D5}.Release|Any CPU.Build.0 = Release|Any CPU
		{4D7A3DE8-B4BD-46FE-AD93-8ECB981B61B6}.Debug|Any CPU.ActiveCfg = Debug|Any CPU
		{4D7A3DE8-B4BD-46FE-AD93-8ECB981B61B6}.Debug|Any CPU.Build.0 = Debug|Any CPU
		{4D7A3DE8-B4BD-46FE-AD93-8ECB981B61B6}.Release|Any CPU.ActiveCfg = Release|Any CPU
		{4D7A3DE8-B4BD-46FE-AD93-8ECB981B61B6}.Release|Any CPU.Build.0 = Release|Any CPU
	EndGlobalSection
	GlobalSection(SolutionProperties) = preSolution
		HideSolutionNode = FALSE
	EndGlobalSection
	GlobalSection(ExtensibilityGlobals) = postSolution
		SolutionGuid = {770B1AE7-56F9-43B0-B109-7C46FAE88C25}
	EndGlobalSection
EndGlobal
